
Microsoft Visual Studio Solution File, Format Version 12.00
# Visual Studio Version 16
VisualStudioVersion = 16.0.30309.148
MinimumVisualStudioVersion = 10.0.40219.1
Project("{FAE04EC0-301F-11D3-BF4B-00C04F79EFBC}") = "ClientApp", "ClientApp\ClientApp.csproj", "{4002B96C-00AF-476A-A4D7-554654B8F3D4}"
EndProject
Project("{FAE04EC0-301F-11D3-BF4B-00C04F79EFBC}") = "Algorithm", "..\Algorithm1\Algorithm.csproj", "{A5E46CE4-73B5-487F-B935-7B20E0B360ED}"
EndProject
Project("{FAE04EC0-301F-11D3-BF4B-00C04F79EFBC}") = "DAL", "..\DAL1\DAL.csproj", "{82B29359-C5DE-471F-A0F4-D89A1233F2EA}"
EndProject
Global
	GlobalSection(SolutionConfigurationPlatforms) = preSolution
		Debug|Any CPU = Debug|Any CPU
		Release|Any CPU = Release|Any CPU
	EndGlobalSection
	GlobalSection(ProjectConfigurationPlatforms) = postSolution
		{4002B96C-00AF-476A-A4D7-554654B8F3D4}.Debug|Any CPU.ActiveCfg = Debug|Any CPU
		{4002B96C-00AF-476A-A4D7-554654B8F3D4}.Debug|Any CPU.Build.0 = Debug|Any CPU
		{4002B96C-00AF-476A-A4D7-554654B8F3D4}.Release|Any CPU.ActiveCfg = Release|Any CPU
		{4002B96C-00AF-476A-A4D7-554654B8F3D4}.Release|Any CPU.Build.0 = Release|Any CPU
		{A5E46CE4-73B5-487F-B935-7B20E0B360ED}.Debug|Any CPU.ActiveCfg = Debug|Any CPU
		{A5E46CE4-73B5-487F-B935-7B20E0B360ED}.Debug|Any CPU.Build.0 = Debug|Any CPU
		{A5E46CE4-73B5-487F-B935-7B20E0B360ED}.Release|Any CPU.ActiveCfg = Release|Any CPU
		{A5E46CE4-73B5-487F-B935-7B20E0B360ED}.Release|Any CPU.Build.0 = Release|Any CPU
		{82B29359-C5DE-471F-A0F4-D89A1233F2EA}.Debug|Any CPU.ActiveCfg = Debug|Any CPU
		{82B29359-C5DE-471F-A0F4-D89A1233F2EA}.Debug|Any CPU.Build.0 = Debug|Any CPU
		{82B29359-C5DE-471F-A0F4-D89A1233F2EA}.Release|Any CPU.ActiveCfg = Release|Any CPU
		{82B29359-C5DE-471F-A0F4-D89A1233F2EA}.Release|Any CPU.Build.0 = Release|Any CPU
	EndGlobalSection
	GlobalSection(SolutionProperties) = preSolution
		HideSolutionNode = FALSE
	EndGlobalSection
	GlobalSection(ExtensibilityGlobals) = postSolution
		SolutionGuid = {62CE1346-02B5-4886-9938-91ADC65466E7}
	EndGlobalSection
EndGlobal
